// !$*UTF8*$!
{
	archiveVersion = 1;
	classes = {
	};
	objectVersion = 56;
	objects = {

/* Begin PBXBuildFile section */
		F08DCFD32C89065700420706 /* CoreNetworkingDemoApp.swift in Sources */ = {isa = PBXBuildFile; fileRef = F08DCFD22C89065700420706 /* CoreNetworkingDemoApp.swift */; };
		F08DCFD72C89065A00420706 /* Assets.xcassets in Resources */ = {isa = PBXBuildFile; fileRef = F08DCFD62C89065A00420706 /* Assets.xcassets */; };
		F08DCFDA2C89065A00420706 /* Preview Assets.xcassets in Resources */ = {isa = PBXBuildFile; fileRef = F08DCFD92C89065A00420706 /* Preview Assets.xcassets */; };
		F08DCFE42C89065A00420706 /* CoreNetworkingDemoTests.swift in Sources */ = {isa = PBXBuildFile; fileRef = F08DCFE32C89065A00420706 /* CoreNetworkingDemoTests.swift */; };
		F08DCFEE2C89065A00420706 /* CoreNetworkingDemoUITests.swift in Sources */ = {isa = PBXBuildFile; fileRef = F08DCFED2C89065A00420706 /* CoreNetworkingDemoUITests.swift */; };
		F08DCFF02C89065A00420706 /* CoreNetworkingDemoUITestsLaunchTests.swift in Sources */ = {isa = PBXBuildFile; fileRef = F08DCFEF2C89065A00420706 /* CoreNetworkingDemoUITestsLaunchTests.swift */; };
		F08DD00B2C8928E900420706 /* SaveStringViewModel.swift in Sources */ = {isa = PBXBuildFile; fileRef = F08DD00A2C8928E900420706 /* SaveStringViewModel.swift */; };
		F0A4BC6E2C8B649200029F2C /* ContentView.swift in Sources */ = {isa = PBXBuildFile; fileRef = F0A4BC6D2C8B649200029F2C /* ContentView.swift */; };
		F0A4BC702C8BB12D00029F2C /* CoreNetwork.xcframework in Frameworks */ = {isa = PBXBuildFile; fileRef = F0A4BC6F2C8BB12D00029F2C /* CoreNetwork.xcframework */; };
/* End PBXBuildFile section */

/* Begin PBXContainerItemProxy section */
		F08DCFE02C89065A00420706 /* PBXContainerItemProxy */ = {
			isa = PBXContainerItemProxy;
			containerPortal = F08DCFC72C89065700420706 /* Project object */;
			proxyType = 1;
			remoteGlobalIDString = F08DCFCE2C89065700420706;
			remoteInfo = CoreNetworkingDemo;
		};
		F08DCFEA2C89065A00420706 /* PBXContainerItemProxy */ = {
			isa = PBXContainerItemProxy;
			containerPortal = F08DCFC72C89065700420706 /* Project object */;
			proxyType = 1;
			remoteGlobalIDString = F08DCFCE2C89065700420706;
			remoteInfo = CoreNetworkingDemo;
		};
/* End PBXContainerItemProxy section */

/* Begin PBXCopyFilesBuildPhase section */
		F08DD0822C8B5B6300420706 /* Embed Frameworks */ = {
			isa = PBXCopyFilesBuildPhase;
			buildActionMask = 2147483647;
			dstPath = "";
			dstSubfolderSpec = 10;
			files = (
			);
			name = "Embed Frameworks";
			runOnlyForDeploymentPostprocessing = 0;
		};
/* End PBXCopyFilesBuildPhase section */

/* Begin PBXFileReference section */
		F08DCFCF2C89065700420706 /* CoreNetworkingDemo.app */ = {isa = PBXFileReference; explicitFileType = wrapper.application; includeInIndex = 0; path = CoreNetworkingDemo.app; sourceTree = BUILT_PRODUCTS_DIR; };
		F08DCFD22C89065700420706 /* CoreNetworkingDemoApp.swift */ = {isa = PBXFileReference; lastKnownFileType = sourcecode.swift; path = CoreNetworkingDemoApp.swift; sourceTree = "<group>"; };
		F08DCFD62C89065A00420706 /* Assets.xcassets */ = {isa = PBXFileReference; lastKnownFileType = folder.assetcatalog; path = Assets.xcassets; sourceTree = "<group>"; };
		F08DCFD92C89065A00420706 /* Preview Assets.xcassets */ = {isa = PBXFileReference; lastKnownFileType = folder.assetcatalog; path = "Preview Assets.xcassets"; sourceTree = "<group>"; };
		F08DCFDF2C89065A00420706 /* CoreNetworkingDemoTests.xctest */ = {isa = PBXFileReference; explicitFileType = wrapper.cfbundle; includeInIndex = 0; path = CoreNetworkingDemoTests.xctest; sourceTree = BUILT_PRODUCTS_DIR; };
		F08DCFE32C89065A00420706 /* CoreNetworkingDemoTests.swift */ = {isa = PBXFileReference; lastKnownFileType = sourcecode.swift; path = CoreNetworkingDemoTests.swift; sourceTree = "<group>"; };
		F08DCFE92C89065A00420706 /* CoreNetworkingDemoUITests.xctest */ = {isa = PBXFileReference; explicitFileType = wrapper.cfbundle; includeInIndex = 0; path = CoreNetworkingDemoUITests.xctest; sourceTree = BUILT_PRODUCTS_DIR; };
		F08DCFED2C89065A00420706 /* CoreNetworkingDemoUITests.swift */ = {isa = PBXFileReference; lastKnownFileType = sourcecode.swift; path = CoreNetworkingDemoUITests.swift; sourceTree = "<group>"; };
		F08DCFEF2C89065A00420706 /* CoreNetworkingDemoUITestsLaunchTests.swift */ = {isa = PBXFileReference; lastKnownFileType = sourcecode.swift; path = CoreNetworkingDemoUITestsLaunchTests.swift; sourceTree = "<group>"; };
		F08DD00A2C8928E900420706 /* SaveStringViewModel.swift */ = {isa = PBXFileReference; lastKnownFileType = sourcecode.swift; path = SaveStringViewModel.swift; sourceTree = "<group>"; };
		F0A4BC6D2C8B649200029F2C /* ContentView.swift */ = {isa = PBXFileReference; lastKnownFileType = sourcecode.swift; path = ContentView.swift; sourceTree = "<group>"; };
		F0A4BC6F2C8BB12D00029F2C /* CoreNetwork.xcframework */ = {isa = PBXFileReference; lastKnownFileType = wrapper.xcframework; path = CoreNetwork.xcframework; sourceTree = "<group>"; };
/* End PBXFileReference section */

/* Begin PBXFrameworksBuildPhase section */
		F08DCFCC2C89065700420706 /* Frameworks */ = {
			isa = PBXFrameworksBuildPhase;
			buildActionMask = 2147483647;
			files = (
				F0A4BC702C8BB12D00029F2C /* CoreNetwork.xcframework in Frameworks */,
			);
			runOnlyForDeploymentPostprocessing = 0;
		};
		F08DCFDC2C89065A00420706 /* Frameworks */ = {
			isa = PBXFrameworksBuildPhase;
			buildActionMask = 2147483647;
			files = (
			);
			runOnlyForDeploymentPostprocessing = 0;
		};
		F08DCFE62C89065A00420706 /* Frameworks */ = {
			isa = PBXFrameworksBuildPhase;
			buildActionMask = 2147483647;
			files = (
			);
			runOnlyForDeploymentPostprocessing = 0;
		};
/* End PBXFrameworksBuildPhase section */

/* Begin PBXGroup section */
		F08DCFC62C89065700420706 = {
			isa = PBXGroup;
			children = (
				F08DCFD12C89065700420706 /* CoreNetworkingDemo */,
				F08DCFE22C89065A00420706 /* CoreNetworkingDemoTests */,
				F08DCFEC2C89065A00420706 /* CoreNetworkingDemoUITests */,
				F08DCFD02C89065700420706 /* Products */,
			);
			sourceTree = "<group>";
		};
		F08DCFD02C89065700420706 /* Products */ = {
			isa = PBXGroup;
			children = (
				F08DCFCF2C89065700420706 /* CoreNetworkingDemo.app */,
				F08DCFDF2C89065A00420706 /* CoreNetworkingDemoTests.xctest */,
				F08DCFE92C89065A00420706 /* CoreNetworkingDemoUITests.xctest */,
			);
			name = Products;
			sourceTree = "<group>";
		};
		F08DCFD12C89065700420706 /* CoreNetworkingDemo */ = {
			isa = PBXGroup;
			children = (
				F0A4BC6F2C8BB12D00029F2C /* CoreNetwork.xcframework */,
				F08DD08B2C8B609A00420706 /* App */,
				F08DD08D2C8B60BC00420706 /* View */,
				F08DD08C2C8B60A700420706 /* ViewModel */,
				F08DCFD62C89065A00420706 /* Assets.xcassets */,
				F08DCFD82C89065A00420706 /* Preview Content */,
			);
			path = CoreNetworkingDemo;
			sourceTree = "<group>";
		};
		F08DCFD82C89065A00420706 /* Preview Content */ = {
			isa = PBXGroup;
			children = (
				F08DCFD92C89065A00420706 /* Preview Assets.xcassets */,
			);
			path = "Preview Content";
			sourceTree = "<group>";
		};
		F08DCFE22C89065A00420706 /* CoreNetworkingDemoTests */ = {
			isa = PBXGroup;
			children = (
				F08DCFE32C89065A00420706 /* CoreNetworkingDemoTests.swift */,
			);
			path = CoreNetworkingDemoTests;
			sourceTree = "<group>";
		};
		F08DCFEC2C89065A00420706 /* CoreNetworkingDemoUITests */ = {
			isa = PBXGroup;
			children = (
				F08DCFED2C89065A00420706 /* CoreNetworkingDemoUITests.swift */,
				F08DCFEF2C89065A00420706 /* CoreNetworkingDemoUITestsLaunchTests.swift */,
			);
			path = CoreNetworkingDemoUITests;
			sourceTree = "<group>";
		};
		F08DD08B2C8B609A00420706 /* App */ = {
			isa = PBXGroup;
			children = (
				F08DCFD22C89065700420706 /* CoreNetworkingDemoApp.swift */,
			);
			path = App;
			sourceTree = "<group>";
		};
		F08DD08C2C8B60A700420706 /* ViewModel */ = {
			isa = PBXGroup;
			children = (
				F08DD00A2C8928E900420706 /* SaveStringViewModel.swift */,
			);
			path = ViewModel;
			sourceTree = "<group>";
		};
		F08DD08D2C8B60BC00420706 /* View */ = {
			isa = PBXGroup;
			children = (
				F0A4BC6D2C8B649200029F2C /* ContentView.swift */,
			);
			path = View;
			sourceTree = "<group>";
		};
/* End PBXGroup section */

/* Begin PBXNativeTarget section */
		F08DCFCE2C89065700420706 /* CoreNetworkingDemo */ = {
			isa = PBXNativeTarget;
			buildConfigurationList = F08DCFF32C89065A00420706 /* Build configuration list for PBXNativeTarget "CoreNetworkingDemo" */;
			buildPhases = (
				F08DCFCB2C89065700420706 /* Sources */,
				F08DCFCC2C89065700420706 /* Frameworks */,
				F08DCFCD2C89065700420706 /* Resources */,
				F08DD0822C8B5B6300420706 /* Embed Frameworks */,
			);
			buildRules = (
			);
			dependencies = (
			);
			name = CoreNetworkingDemo;
			productName = CoreNetworkingDemo;
			productReference = F08DCFCF2C89065700420706 /* CoreNetworkingDemo.app */;
			productType = "com.apple.product-type.application";
		};
		F08DCFDE2C89065A00420706 /* CoreNetworkingDemoTests */ = {
			isa = PBXNativeTarget;
			buildConfigurationList = F08DCFF62C89065A00420706 /* Build configuration list for PBXNativeTarget "CoreNetworkingDemoTests" */;
			buildPhases = (
				F08DCFDB2C89065A00420706 /* Sources */,
				F08DCFDC2C89065A00420706 /* Frameworks */,
				F08DCFDD2C89065A00420706 /* Resources */,
			);
			buildRules = (
			);
			dependencies = (
				F08DCFE12C89065A00420706 /* PBXTargetDependency */,
			);
			name = CoreNetworkingDemoTests;
			productName = CoreNetworkingDemoTests;
			productReference = F08DCFDF2C89065A00420706 /* CoreNetworkingDemoTests.xctest */;
			productType = "com.apple.product-type.bundle.unit-test";
		};
		F08DCFE82C89065A00420706 /* CoreNetworkingDemoUITests */ = {
			isa = PBXNativeTarget;
			buildConfigurationList = F08DCFF92C89065A00420706 /* Build configuration list for PBXNativeTarget "CoreNetworkingDemoUITests" */;
			buildPhases = (
				F08DCFE52C89065A00420706 /* Sources */,
				F08DCFE62C89065A00420706 /* Frameworks */,
				F08DCFE72C89065A00420706 /* Resources */,
			);
			buildRules = (
			);
			dependencies = (
				F08DCFEB2C89065A00420706 /* PBXTargetDependency */,
			);
			name = CoreNetworkingDemoUITests;
			productName = CoreNetworkingDemoUITests;
			productReference = F08DCFE92C89065A00420706 /* CoreNetworkingDemoUITests.xctest */;
			productType = "com.apple.product-type.bundle.ui-testing";
		};
/* End PBXNativeTarget section */

/* Begin PBXProject section */
		F08DCFC72C89065700420706 /* Project object */ = {
			isa = PBXProject;
			attributes = {
				BuildIndependentTargetsInParallel = 1;
				LastSwiftUpdateCheck = 1540;
				LastUpgradeCheck = 1540;
				TargetAttributes = {
					F08DCFCE2C89065700420706 = {
						CreatedOnToolsVersion = 15.4;
					};
					F08DCFDE2C89065A00420706 = {
						CreatedOnToolsVersion = 15.4;
						TestTargetID = F08DCFCE2C89065700420706;
					};
					F08DCFE82C89065A00420706 = {
						CreatedOnToolsVersion = 15.4;
						TestTargetID = F08DCFCE2C89065700420706;
					};
				};
			};
			buildConfigurationList = F08DCFCA2C89065700420706 /* Build configuration list for PBXProject "CoreNetworkingDemo" */;
			compatibilityVersion = "Xcode 14.0";
			developmentRegion = en;
			hasScannedForEncodings = 0;
			knownRegions = (
				en,
				Base,
			);
			mainGroup = F08DCFC62C89065700420706;
			productRefGroup = F08DCFD02C89065700420706 /* Products */;
			projectDirPath = "";
			projectRoot = "";
			targets = (
				F08DCFCE2C89065700420706 /* CoreNetworkingDemo */,
				F08DCFDE2C89065A00420706 /* CoreNetworkingDemoTests */,
				F08DCFE82C89065A00420706 /* CoreNetworkingDemoUITests */,
			);
		};
/* End PBXProject section */

/* Begin PBXResourcesBuildPhase section */
		F08DCFCD2C89065700420706 /* Resources */ = {
			isa = PBXResourcesBuildPhase;
			buildActionMask = 2147483647;
			files = (
				F08DCFDA2C89065A00420706 /* Preview Assets.xcassets in Resources */,
				F08DCFD72C89065A00420706 /* Assets.xcassets in Resources */,
			);
			runOnlyForDeploymentPostprocessing = 0;
		};
		F08DCFDD2C89065A00420706 /* Resources */ = {
			isa = PBXResourcesBuildPhase;
			buildActionMask = 2147483647;
			files = (
			);
			runOnlyForDeploymentPostprocessing = 0;
		};
		F08DCFE72C89065A00420706 /* Resources */ = {
			isa = PBXResourcesBuildPhase;
			buildActionMask = 2147483647;
			files = (
			);
			runOnlyForDeploymentPostprocessing = 0;
		};
/* End PBXResourcesBuildPhase section */

/* Begin PBXSourcesBuildPhase section */
		F08DCFCB2C89065700420706 /* Sources */ = {
			isa = PBXSourcesBuildPhase;
			buildActionMask = 2147483647;
			files = (
				F08DD00B2C8928E900420706 /* SaveStringViewModel.swift in Sources */,
				F0A4BC6E2C8B649200029F2C /* ContentView.swift in Sources */,
				F08DCFD32C89065700420706 /* CoreNetworkingDemoApp.swift in Sources */,
			);
			runOnlyForDeploymentPostprocessing = 0;
		};
		F08DCFDB2C89065A00420706 /* Sources */ = {
			isa = PBXSourcesBuildPhase;
			buildActionMask = 2147483647;
			files = (
				F08DCFE42C89065A00420706 /* CoreNetworkingDemoTests.swift in Sources */,
			);
			runOnlyForDeploymentPostprocessing = 0;
		};
		F08DCFE52C89065A00420706 /* Sources */ = {
			isa = PBXSourcesBuildPhase;
			buildActionMask = 2147483647;
			files = (
				F08DCFF02C89065A00420706 /* CoreNetworkingDemoUITestsLaunchTests.swift in Sources */,
				F08DCFEE2C89065A00420706 /* CoreNetworkingDemoUITests.swift in Sources */,
			);
			runOnlyForDeploymentPostprocessing = 0;
		};
/* End PBXSourcesBuildPhase section */

/* Begin PBXTargetDependency section */
		F08DCFE12C89065A00420706 /* PBXTargetDependency */ = {
			isa = PBXTargetDependency;
			target = F08DCFCE2C89065700420706 /* CoreNetworkingDemo */;
			targetProxy = F08DCFE02C89065A00420706 /* PBXContainerItemProxy */;
		};
		F08DCFEB2C89065A00420706 /* PBXTargetDependency */ = {
			isa = PBXTargetDependency;
			target = F08DCFCE2C89065700420706 /* CoreNetworkingDemo */;
			targetProxy = F08DCFEA2C89065A00420706 /* PBXContainerItemProxy */;
		};
/* End PBXTargetDependency section */

/* Begin XCBuildConfiguration section */
		F08DCFF12C89065A00420706 /* Debug */ = {
			isa = XCBuildConfiguration;
			buildSettings = {
				ALWAYS_SEARCH_USER_PATHS = NO;
				ASSETCATALOG_COMPILER_GENERATE_SWIFT_ASSET_SYMBOL_EXTENSIONS = YES;
				CLANG_ANALYZER_NONNULL = YES;
				CLANG_ANALYZER_NUMBER_OBJECT_CONVERSION = YES_AGGRESSIVE;
				CLANG_CXX_LANGUAGE_STANDARD = "gnu++20";
				CLANG_ENABLE_MODULES = YES;
				CLANG_ENABLE_OBJC_ARC = YES;
				CLANG_ENABLE_OBJC_WEAK = YES;
				CLANG_WARN_BLOCK_CAPTURE_AUTORELEASING = YES;
				CLANG_WARN_BOOL_CONVERSION = YES;
				CLANG_WARN_COMMA = YES;
				CLANG_WARN_CONSTANT_CONVERSION = YES;
				CLANG_WARN_DEPRECATED_OBJC_IMPLEMENTATIONS = YES;
				CLANG_WARN_DIRECT_OBJC_ISA_USAGE = YES_ERROR;
				CLANG_WARN_DOCUMENTATION_COMMENTS = YES;
				CLANG_WARN_EMPTY_BODY = YES;
				CLANG_WARN_ENUM_CONVERSION = YES;
				CLANG_WARN_INFINITE_RECURSION = YES;
				CLANG_WARN_INT_CONVERSION = YES;
				CLANG_WARN_NON_LITERAL_NULL_CONVERSION = YES;
				CLANG_WARN_OBJC_IMPLICIT_RETAIN_SELF = YES;
				CLANG_WARN_OBJC_LITERAL_CONVERSION = YES;
				CLANG_WARN_OBJC_ROOT_CLASS = YES_ERROR;
				CLANG_WARN_QUOTED_INCLUDE_IN_FRAMEWORK_HEADER = YES;
				CLANG_WARN_RANGE_LOOP_ANALYSIS = YES;
				CLANG_WARN_STRICT_PROTOTYPES = YES;
				CLANG_WARN_SUSPICIOUS_MOVE = YES;
				CLANG_WARN_UNGUARDED_AVAILABILITY = YES_AGGRESSIVE;
				CLANG_WARN_UNREACHABLE_CODE = YES;
				CLANG_WARN__DUPLICATE_METHOD_MATCH = YES;
				COPY_PHASE_STRIP = NO;
				DEBUG_INFORMATION_FORMAT = dwarf;
				ENABLE_STRICT_OBJC_MSGSEND = YES;
				ENABLE_TESTABILITY = YES;
				ENABLE_USER_SCRIPT_SANDBOXING = YES;
				GCC_C_LANGUAGE_STANDARD = gnu17;
				GCC_DYNAMIC_NO_PIC = NO;
				GCC_NO_COMMON_BLOCKS = YES;
				GCC_OPTIMIZATION_LEVEL = 0;
				GCC_PREPROCESSOR_DEFINITIONS = (
					"DEBUG=1",
					"$(inherited)",
				);
				GCC_WARN_64_TO_32_BIT_CONVERSION = YES;
				GCC_WARN_ABOUT_RETURN_TYPE = YES_ERROR;
				GCC_WARN_UNDECLARED_SELECTOR = YES;
				GCC_WARN_UNINITIALIZED_AUTOS = YES_AGGRESSIVE;
				GCC_WARN_UNUSED_FUNCTION = YES;
				GCC_WARN_UNUSED_VARIABLE = YES;
				IPHONEOS_DEPLOYMENT_TARGET = 17.5;
				LOCALIZATION_PREFERS_STRING_CATALOGS = YES;
				MTL_ENABLE_DEBUG_INFO = INCLUDE_SOURCE;
				MTL_FAST_MATH = YES;
				ONLY_ACTIVE_ARCH = YES;
				SDKROOT = iphoneos;
				SWIFT_ACTIVE_COMPILATION_CONDITIONS = "DEBUG $(inherited)";
				SWIFT_OPTIMIZATION_LEVEL = "-Onone";
			};
			name = Debug;
		};
		F08DCFF22C89065A00420706 /* Release */ = {
			isa = XCBuildConfiguration;
			buildSettings = {
				ALWAYS_SEARCH_USER_PATHS = NO;
				ASSETCATALOG_COMPILER_GENERATE_SWIFT_ASSET_SYMBOL_EXTENSIONS = YES;
				CLANG_ANALYZER_NONNULL = YES;
				CLANG_ANALYZER_NUMBER_OBJECT_CONVERSION = YES_AGGRESSIVE;
				CLANG_CXX_LANGUAGE_STANDARD = "gnu++20";
				CLANG_ENABLE_MODULES = YES;
				CLANG_ENABLE_OBJC_ARC = YES;
				CLANG_ENABLE_OBJC_WEAK = YES;
				CLANG_WARN_BLOCK_CAPTURE_AUTORELEASING = YES;
				CLANG_WARN_BOOL_CONVERSION = YES;
				CLANG_WARN_COMMA = YES;
				CLANG_WARN_CONSTANT_CONVERSION = YES;
				CLANG_WARN_DEPRECATED_OBJC_IMPLEMENTATIONS = YES;
				CLANG_WARN_DIRECT_OBJC_ISA_USAGE = YES_ERROR;
				CLANG_WARN_DOCUMENTATION_COMMENTS = YES;
				CLANG_WARN_EMPTY_BODY = YES;
				CLANG_WARN_ENUM_CONVERSION = YES;
				CLANG_WARN_INFINITE_RECURSION = YES;
				CLANG_WARN_INT_CONVERSION = YES;
				CLANG_WARN_NON_LITERAL_NULL_CONVERSION = YES;
				CLANG_WARN_OBJC_IMPLICIT_RETAIN_SELF = YES;
				CLANG_WARN_OBJC_LITERAL_CONVERSION = YES;
				CLANG_WARN_OBJC_ROOT_CLASS = YES_ERROR;
				CLANG_WARN_QUOTED_INCLUDE_IN_FRAMEWORK_HEADER = YES;
				CLANG_WARN_RANGE_LOOP_ANALYSIS = YES;
				CLANG_WARN_STRICT_PROTOTYPES = YES;
				CLANG_WARN_SUSPICIOUS_MOVE = YES;
				CLANG_WARN_UNGUARDED_AVAILABILITY = YES_AGGRESSIVE;
				CLANG_WARN_UNREACHABLE_CODE = YES;
				CLANG_WARN__DUPLICATE_METHOD_MATCH = YES;
				COPY_PHASE_STRIP = NO;
				DEBUG_INFORMATION_FORMAT = "dwarf-with-dsym";
				ENABLE_NS_ASSERTIONS = NO;
				ENABLE_STRICT_OBJC_MSGSEND = YES;
				ENABLE_USER_SCRIPT_SANDBOXING = YES;
				GCC_C_LANGUAGE_STANDARD = gnu17;
				GCC_NO_COMMON_BLOCKS = YES;
				GCC_WARN_64_TO_32_BIT_CONVERSION = YES;
				GCC_WARN_ABOUT_RETURN_TYPE = YES_ERROR;
				GCC_WARN_UNDECLARED_SELECTOR = YES;
				GCC_WARN_UNINITIALIZED_AUTOS = YES_AGGRESSIVE;
				GCC_WARN_UNUSED_FUNCTION = YES;
				GCC_WARN_UNUSED_VARIABLE = YES;
				IPHONEOS_DEPLOYMENT_TARGET = 17.5;
				LOCALIZATION_PREFERS_STRING_CATALOGS = YES;
				MTL_ENABLE_DEBUG_INFO = NO;
				MTL_FAST_MATH = YES;
				SDKROOT = iphoneos;
				SWIFT_COMPILATION_MODE = wholemodule;
				VALIDATE_PRODUCT = YES;
			};
			name = Release;
		};
		F08DCFF42C89065A00420706 /* Debug */ = {
			isa = XCBuildConfiguration;
			buildSettings = {
				ASSETCATALOG_COMPILER_APPICON_NAME = AppIcon;
				ASSETCATALOG_COMPILER_GLOBAL_ACCENT_COLOR_NAME = AccentColor;
				CODE_SIGN_STYLE = Automatic;
				CURRENT_PROJECT_VERSION = 1;
				DEVELOPMENT_ASSET_PATHS = "\"CoreNetworkingDemo/Preview Content\"";
				DEVELOPMENT_TEAM = UNBA7S3W5P;
				ENABLE_PREVIEWS = YES;
				FRAMEWORK_SEARCH_PATHS = (
					"$(inherited)",
					"$(PROJECT_DIR)/CoreNetworkingDemo",
				);
				GENERATE_INFOPLIST_FILE = YES;
				INFOPLIST_KEY_UIApplicationSceneManifest_Generation = YES;
				INFOPLIST_KEY_UIApplicationSupportsIndirectInputEvents = YES;
				INFOPLIST_KEY_UILaunchScreen_Generation = YES;
				INFOPLIST_KEY_UISupportedInterfaceOrientations_iPad = "UIInterfaceOrientationPortrait UIInterfaceOrientationPortraitUpsideDown UIInterfaceOrientationLandscapeLeft UIInterfaceOrientationLandscapeRight";
				INFOPLIST_KEY_UISupportedInterfaceOrientations_iPhone = "UIInterfaceOrientationPortrait UIInterfaceOrientationLandscapeLeft UIInterfaceOrientationLandscapeRight";
				IPHONEOS_DEPLOYMENT_TARGET = 17.0;
				LD_RUNPATH_SEARCH_PATHS = (
					"$(inherited)",
					"@executable_path/Frameworks",
				);
				MARKETING_VERSION = 1.0;
				PRODUCT_BUNDLE_IDENTIFIER = com.luizvasconcellos.CoreNetworkingDemo;
				PRODUCT_NAME = "$(TARGET_NAME)";
				SWIFT_EMIT_LOC_STRINGS = YES;
				SWIFT_VERSION = 5.0;
				TARGETED_DEVICE_FAMILY = "1,2";
			};
			name = Debug;
		};
		F08DCFF52C89065A00420706 /* Release */ = {
			isa = XCBuildConfiguration;
			buildSettings = {
				ASSETCATALOG_COMPILER_APPICON_NAME = AppIcon;
				ASSETCATALOG_COMPILER_GLOBAL_ACCENT_COLOR_NAME = AccentColor;
				CODE_SIGN_STYLE = Automatic;
				CURRENT_PROJECT_VERSION = 1;
				DEVELOPMENT_ASSET_PATHS = "\"CoreNetworkingDemo/Preview Content\"";
				DEVELOPMENT_TEAM = UNBA7S3W5P;
				ENABLE_PREVIEWS = YES;
				FRAMEWORK_SEARCH_PATHS = (
					"$(inherited)",
					"$(PROJECT_DIR)/CoreNetworkingDemo",
				);
				GENERATE_INFOPLIST_FILE = YES;
				INFOPLIST_KEY_UIApplicationSceneManifest_Generation = YES;
				INFOPLIST_KEY_UIApplicationSupportsIndirectInputEvents = YES;
				INFOPLIST_KEY_UILaunchScreen_Generation = YES;
				INFOPLIST_KEY_UISupportedInterfaceOrientations_iPad = "UIInterfaceOrientationPortrait UIInterfaceOrientationPortraitUpsideDown UIInterfaceOrientationLandscapeLeft UIInterfaceOrientationLandscapeRight";
				INFOPLIST_KEY_UISupportedInterfaceOrientations_iPhone = "UIInterfaceOrientationPortrait UIInterfaceOrientationLandscapeLeft UIInterfaceOrientationLandscapeRight";
				IPHONEOS_DEPLOYMENT_TARGET = 17.0;
				LD_RUNPATH_SEARCH_PATHS = (
					"$(inherited)",
					"@executable_path/Frameworks",
				);
				MARKETING_VERSION = 1.0;
				PRODUCT_BUNDLE_IDENTIFIER = com.luizvasconcellos.CoreNetworkingDemo;
				PRODUCT_NAME = "$(TARGET_NAME)";
				SWIFT_EMIT_LOC_STRINGS = YES;
				SWIFT_VERSION = 5.0;
				TARGETED_DEVICE_FAMILY = "1,2";
			};
			name = Release;
		};
		F08DCFF72C89065A00420706 /* Debug */ = {
			isa = XCBuildConfiguration;
			buildSettings = {
				ALWAYS_EMBED_SWIFT_STANDARD_LIBRARIES = YES;
				BUNDLE_LOADER = "$(TEST_HOST)";
				CODE_SIGN_STYLE = Automatic;
				CURRENT_PROJECT_VERSION = 1;
				DEVELOPMENT_TEAM = UNBA7S3W5P;
				FRAMEWORK_SEARCH_PATHS = (
					"$(inherited)",
					"$(PROJECT_DIR)/CoreNetworkingDemo",
				);
				GENERATE_INFOPLIST_FILE = YES;
				IPHONEOS_DEPLOYMENT_TARGET = 17.5;
				MARKETING_VERSION = 1.0;
				PRODUCT_BUNDLE_IDENTIFIER = com.luizvasconcellos.CoreNetworkingDemoTests;
				PRODUCT_NAME = "$(TARGET_NAME)";
				SWIFT_EMIT_LOC_STRINGS = NO;
				SWIFT_VERSION = 5.0;
				TARGETED_DEVICE_FAMILY = "1,2";
				TEST_HOST = "$(BUILT_PRODUCTS_DIR)/CoreNetworkingDemo.app/$(BUNDLE_EXECUTABLE_FOLDER_PATH)/CoreNetworkingDemo";
			};
			name = Debug;
		};
		F08DCFF82C89065A00420706 /* Release */ = {
			isa = XCBuildConfiguration;
			buildSettings = {
				ALWAYS_EMBED_SWIFT_STANDARD_LIBRARIES = YES;
				BUNDLE_LOADER = "$(TEST_HOST)";
				CODE_SIGN_STYLE = Automatic;
				CURRENT_PROJECT_VERSION = 1;
				DEVELOPMENT_TEAM = UNBA7S3W5P;
				FRAMEWORK_SEARCH_PATHS = (
					"$(inherited)",
					"$(PROJECT_DIR)/CoreNetworkingDemo",
				);
				GENERATE_INFOPLIST_FILE = YES;
				IPHONEOS_DEPLOYMENT_TARGET = 17.5;
				MARKETING_VERSION = 1.0;
				PRODUCT_BUNDLE_IDENTIFIER = com.luizvasconcellos.CoreNetworkingDemoTests;
				PRODUCT_NAME = "$(TARGET_NAME)";
				SWIFT_EMIT_LOC_STRINGS = NO;
				SWIFT_VERSION = 5.0;
				TARGETED_DEVICE_FAMILY = "1,2";
				TEST_HOST = "$(BUILT_PRODUCTS_DIR)/CoreNetworkingDemo.app/$(BUNDLE_EXECUTABLE_FOLDER_PATH)/CoreNetworkingDemo";
			};
			name = Release;
		};
		F08DCFFA2C89065A00420706 /* Debug */ = {
			isa = XCBuildConfiguration;
			buildSettings = {
				ALWAYS_EMBED_SWIFT_STANDARD_LIBRARIES = YES;
				CODE_SIGN_STYLE = Automatic;
				CURRENT_PROJECT_VERSION = 1;
				DEVELOPMENT_TEAM = UNBA7S3W5P;
				FRAMEWORK_SEARCH_PATHS = (
					"$(inherited)",
					"$(PROJECT_DIR)/CoreNetworkingDemo",
				);
				GENERATE_INFOPLIST_FILE = YES;
				MARKETING_VERSION = 1.0;
				PRODUCT_BUNDLE_IDENTIFIER = com.luizvasconcellos.CoreNetworkingDemoUITests;
				PRODUCT_NAME = "$(TARGET_NAME)";
				SWIFT_EMIT_LOC_STRINGS = NO;
				SWIFT_VERSION = 5.0;
				TARGETED_DEVICE_FAMILY = "1,2";
				TEST_TARGET_NAME = CoreNetworkingDemo;
			};
			name = Debug;
		};
		F08DCFFB2C89065A00420706 /* Release */ = {
			isa = XCBuildConfiguration;
			buildSettings = {
				ALWAYS_EMBED_SWIFT_STANDARD_LIBRARIES = YES;
				CODE_SIGN_STYLE = Automatic;
				CURRENT_PROJECT_VERSION = 1;
				DEVELOPMENT_TEAM = UNBA7S3W5P;
				FRAMEWORK_SEARCH_PATHS = (
					"$(inherited)",
					"$(PROJECT_DIR)/CoreNetworkingDemo",
				);
				GENERATE_INFOPLIST_FILE = YES;
				MARKETING_VERSION = 1.0;
				PRODUCT_BUNDLE_IDENTIFIER = com.luizvasconcellos.CoreNetworkingDemoUITests;
				PRODUCT_NAME = "$(TARGET_NAME)";
				SWIFT_EMIT_LOC_STRINGS = NO;
				SWIFT_VERSION = 5.0;
				TARGETED_DEVICE_FAMILY = "1,2";
				TEST_TARGET_NAME = CoreNetworkingDemo;
			};
			name = Release;
		};
/* End XCBuildConfiguration section */

/* Begin XCConfigurationList section */
		F08DCFCA2C89065700420706 /* Build configuration list for PBXProject "CoreNetworkingDemo" */ = {
			isa = XCConfigurationList;
			buildConfigurations = (
				F08DCFF12C89065A00420706 /* Debug */,
				F08DCFF22C89065A00420706 /* Release */,
			);
			defaultConfigurationIsVisible = 0;
			defaultConfigurationName = Release;
		};
		F08DCFF32C89065A00420706 /* Build configuration list for PBXNativeTarget "CoreNetworkingDemo" */ = {
			isa = XCConfigurationList;
			buildConfigurations = (
				F08DCFF42C89065A00420706 /* Debug */,
				F08DCFF52C89065A00420706 /* Release */,
			);
			defaultConfigurationIsVisible = 0;
			defaultConfigurationName = Release;
		};
		F08DCFF62C89065A00420706 /* Build configuration list for PBXNativeTarget "CoreNetworkingDemoTests" */ = {
			isa = XCConfigurationList;
			buildConfigurations = (
				F08DCFF72C89065A00420706 /* Debug */,
				F08DCFF82C89065A00420706 /* Release */,
			);
			defaultConfigurationIsVisible = 0;
			defaultConfigurationName = Release;
		};
		F08DCFF92C89065A00420706 /* Build configuration list for PBXNativeTarget "CoreNetworkingDemoUITests" */ = {
			isa = XCConfigurationList;
			buildConfigurations = (
				F08DCFFA2C89065A00420706 /* Debug */,
				F08DCFFB2C89065A00420706 /* Release */,
			);
			defaultConfigurationIsVisible = 0;
			defaultConfigurationName = Release;
		};
/* End XCConfigurationList section */
	};
	rootObject = F08DCFC72C89065700420706 /* Project object */;
}
